
Microsoft Visual Studio Solution File, Format Version 12.00
# Visual Studio Version 17
VisualStudioVersion = 17.2.32526.322
MinimumVisualStudioVersion = 10.0.40219.1
Project("{FAE04EC0-301F-11D3-BF4B-00C04F79EFBC}") = "ClassMetotDemo", "ClassMetotDemo\ClassMetotDemo.csproj", "{65667C07-6F6E-408D-93F4-3D6F43DD9AED}"
EndProject
Global
	GlobalSection(SolutionConfigurationPlatforms) = preSolution
		Debug|Any CPU = Debug|Any CPU
		Release|Any CPU = Release|Any CPU
	EndGlobalSection
	GlobalSection(ProjectConfigurationPlatforms) = postSolution
		{65667C07-6F6E-408D-93F4-3D6F43DD9AED}.Debug|Any CPU.ActiveCfg = Debug|Any CPU
		{65667C07-6F6E-408D-93F4-3D6F43DD9AED}.Debug|Any CPU.Build.0 = Debug|Any CPU
		{65667C07-6F6E-408D-93F4-3D6F43DD9AED}.Release|Any CPU.ActiveCfg = Release|Any CPU
		{65667C07-6F6E-408D-93F4-3D6F43DD9AED}.Release|Any CPU.Build.0 = Release|Any CPU
	EndGlobalSection
	GlobalSection(SolutionProperties) = preSolution
		HideSolutionNode = FALSE
	EndGlobalSection
	GlobalSection(ExtensibilityGlobals) = postSolution
		SolutionGuid = {1AFEFEA6-FED8-4523-8231-DF03DA89B808}
	EndGlobalSection
EndGlobal
